{
  "name": "automation",
  "version": "1.0.0",
  "lockfileVersion": 1,
  "requires": true,
  "dependencies": {
    "@sindresorhus/is": {
      "version": "5.3.0",
      "resolved": "https://registry.npmjs.org/@sindresorhus/is/-/is-5.3.0.tgz",
      "integrity": "sha1-DskmTPVKUnZx2ZDrh04DC1W3Dcw="
    },
    "@szmarczak/http-timer": {
      "version": "5.0.1",
      "resolved": "https://registry.npmjs.org/@szmarczak/http-timer/-/http-timer-5.0.1.tgz",
      "integrity": "sha1-x8G/EUHN1HUbA5nI/HuLZkzVvjo=",
      "requires": {
        "defer-to-connect": "^2.0.1"
      }
    },
    "@types/http-cache-semantics": {
      "version": "4.0.1",
      "resolved": "https://registry.npmjs.org/@types/http-cache-semantics/-/http-cache-semantics-4.0.1.tgz",
      "integrity": "sha1-Dqe2FJaQK5WJDcTDoRa2DLja6BI="
    },
    "asynckit": {
      "version": "0.4.0",
      "resolved": "https://registry.npmjs.org/asynckit/-/asynckit-0.4.0.tgz",
      "integrity": "sha512-Oei9OH4tRh0YqU3GxhX79dM/mwVgvbZJaSNaRk+bshkj0S5cfHcgYakreBjrHwatXKbz+IoIdYLxrKim2MjW0Q=="
    },
    "axios": {
      "version": "1.4.0",
      "resolved": "https://registry.npmjs.org/axios/-/axios-1.4.0.tgz",
      "integrity": "sha512-S4XCWMEmzvo64T9GfvQDOXgYRDJ/wsSZc7Jvdgx5u1sd0JwsuPLqb3SYmusag+edF6ziyMensPVqLTSc1PiSEA==",
      "requires": {
        "follow-redirects": "^1.15.0",
        "form-data": "^4.0.0",
        "proxy-from-env": "^1.1.0"
      }
    },
    "cacheable-lookup": {
      "version": "7.0.0",
      "resolved": "https://registry.npmjs.org/cacheable-lookup/-/cacheable-lookup-7.0.0.tgz",
      "integrity": "sha1-NHaoIV0EbloyAqkgndE/7B+TOic="
    },
    "cacheable-request": {
      "version": "10.2.10",
      "resolved": "https://registry.npmjs.org/cacheable-request/-/cacheable-request-10.2.10.tgz",
      "integrity": "sha1-F4WYSppN3sjdAXkiMsykdL5JqK8=",
      "requires": {
        "@types/http-cache-semantics": "^4.0.1",
        "get-stream": "^6.0.1",
        "http-cache-semantics": "^4.1.1",
        "keyv": "^4.5.2",
        "mimic-response": "^4.0.0",
        "normalize-url": "^8.0.0",
        "responselike": "^3.0.0"
      }
    },
    "camunda-external-task-client-js": {
      "version": "3.0.0",
      "resolved": "https://registry.npmjs.org/camunda-external-task-client-js/-/camunda-external-task-client-js-3.0.0.tgz",
      "integrity": "sha512-0rPSk7TjoEa1rCOi0KytzztzXCZCRQ5t3c+MEusZe2YvgorcBo5AsXlVyCPP3KiatFxoK8iM0T5Go9wuJVb1+w==",
      "requires": {
        "chalk": "^5.1.2",
        "got": "^12.5.2"
      }
    },
    "chalk": {
      "version": "5.2.0",
      "resolved": "https://registry.npmjs.org/chalk/-/chalk-5.2.0.tgz",
      "integrity": "sha1-JJYjt9ZoacZzaZ+2bWVyPlTfz7M="
    },
    "combined-stream": {
      "version": "1.0.8",
      "resolved": "https://registry.npmjs.org/combined-stream/-/combined-stream-1.0.8.tgz",
      "integrity": "sha512-FQN4MRfuJeHf7cBbBMJFXhKSDq+2kAArBlmRBvcvFE5BB1HZKXtSFASDhdlz9zOYwxh8lDdnvmMOe/+5cdoEdg==",
      "requires": {
        "delayed-stream": "~1.0.0"
      }
    },
    "decompress-response": {
      "version": "6.0.0",
      "resolved": "https://registry.npmjs.org/decompress-response/-/decompress-response-6.0.0.tgz",
      "integrity": "sha1-yjh2Et234QS9FthaqwDV7PCcZvw=",
      "requires": {
        "mimic-response": "^3.1.0"
      },
      "dependencies": {
        "mimic-response": {
          "version": "3.1.0",
          "resolved": "https://registry.npmjs.org/mimic-response/-/mimic-response-3.1.0.tgz",
          "integrity": "sha1-LR1Zr5wbEpgVrMwsRqAipc4fo8k="
        }
      }
    },
    "defer-to-connect": {
      "version": "2.0.1",
      "resolved": "https://registry.npmjs.org/defer-to-connect/-/defer-to-connect-2.0.1.tgz",
      "integrity": "sha1-gBa9tBQ+RjK3ejRJxiNid95SBYc="
    },
    "delayed-stream": {
      "version": "1.0.0",
      "resolved": "https://registry.npmjs.org/delayed-stream/-/delayed-stream-1.0.0.tgz",
      "integrity": "sha512-ZySD7Nf91aLB0RxL4KGrKHBXl7Eds1DAmEdcoVawXnLD7SDhpNgtuII2aAkg7a7QS41jxPSZ17p4VdGnMHk3MQ=="
    },
    "follow-redirects": {
      "version": "1.15.2",
      "resolved": "https://registry.npmjs.org/follow-redirects/-/follow-redirects-1.15.2.tgz",
      "integrity": "sha512-VQLG33o04KaQ8uYi2tVNbdrWp1QWxNNea+nmIB4EVM28v0hmP17z7aG1+wAkNzVq4KeXTq3221ye5qTJP91JwA=="
    },
    "form-data": {
      "version": "4.0.0",
      "resolved": "https://registry.npmjs.org/form-data/-/form-data-4.0.0.tgz",
      "integrity": "sha512-ETEklSGi5t0QMZuiXoA/Q6vcnxcLQP5vdugSpuAyi6SVGi2clPPp+xgEhuMaHC+zGgn31Kd235W35f7Hykkaww==",
      "requires": {
        "asynckit": "^0.4.0",
        "combined-stream": "^1.0.8",
        "mime-types": "^2.1.12"
      }
    },
    "form-data-encoder": {
      "version": "2.1.4",
      "resolved": "https://registry.npmjs.org/form-data-encoder/-/form-data-encoder-2.1.4.tgz",
      "integrity": "sha1-Jh6jXSpw1I0w7HqWAxMPpVFenNU="
    },
    "get-stream": {
      "version": "6.0.1",
      "resolved": "https://registry.npmjs.org/get-stream/-/get-stream-6.0.1.tgz",
      "integrity": "sha1-omLY7vZ6ztV8KFKtYWdSakPL97c="
    },
    "got": {
      "version": "12.6.0",
      "resolved": "https://registry.npmjs.org/got/-/got-12.6.0.tgz",
      "integrity": "sha1-jTgu5d5EMsCG6DwTPv3UdEhPasc=",
      "requires": {
        "@sindresorhus/is": "^5.2.0",
        "@szmarczak/http-timer": "^5.0.1",
        "cacheable-lookup": "^7.0.0",
        "cacheable-request": "^10.2.8",
        "decompress-response": "^6.0.0",
        "form-data-encoder": "^2.1.2",
        "get-stream": "^6.0.1",
        "http2-wrapper": "^2.1.10",
        "lowercase-keys": "^3.0.0",
        "p-cancelable": "^3.0.0",
        "responselike": "^3.0.0"
      }
    },
    "http-cache-semantics": {
      "version": "4.1.1",
      "resolved": "https://registry.npmjs.org/http-cache-semantics/-/http-cache-semantics-4.1.1.tgz",
      "integrity": "sha1-q+AvyymFRgvwMjvmZENuw0dqbVo="
    },
    "http2-wrapper": {
      "version": "2.2.0",
      "resolved": "https://registry.npmjs.org/http2-wrapper/-/http2-wrapper-2.2.0.tgz",
      "integrity": "sha1-uArRmdIWt9NoAZUHe9e5Bg+p1/M=",
      "requires": {
        "quick-lru": "^5.1.1",
        "resolve-alpn": "^1.2.0"
      }
    },
    "json-buffer": {
      "version": "3.0.1",
      "resolved": "https://registry.npmjs.org/json-buffer/-/json-buffer-3.0.1.tgz",
      "integrity": "sha1-kziAKjDTtmBfvgYT4JQAjKjAWhM="
    },
    "keyv": {
      "version": "4.5.2",
      "resolved": "https://registry.npmjs.org/keyv/-/keyv-4.5.2.tgz",
      "integrity": "sha1-DjEM5zv3hR7HAvLq9G7E44BczlY=",
      "requires": {
        "json-buffer": "3.0.1"
      }
    },
    "lowercase-keys": {
      "version": "3.0.0",
      "resolved": "https://registry.npmjs.org/lowercase-keys/-/lowercase-keys-3.0.0.tgz",
      "integrity": "sha1-xefUQuN+rSR66dsRep0KRnyJ1PI="
    },
    "mime-db": {
      "version": "1.52.0",
      "resolved": "https://registry.npmjs.org/mime-db/-/mime-db-1.52.0.tgz",
      "integrity": "sha512-sPU4uV7dYlvtWJxwwxHD0PuihVNiE7TyAbQ5SWxDCB9mUYvOgroQOwYQQOKPJ8CIbE+1ETVlOoK1UC2nU3gYvg=="
    },
    "mime-types": {
      "version": "2.1.35",
      "resolved": "https://registry.npmjs.org/mime-types/-/mime-types-2.1.35.tgz",
      "integrity": "sha512-ZDY+bPm5zTTF+YpCrAU9nK0UgICYPT0QtT1NZWFv4s++TNkcgVaT0g6+4R2uI4MjQjzysHB1zxuWL50hzaeXiw==",
      "requires": {
        "mime-db": "1.52.0"
      }
    },
    "mimic-response": {
      "version": "4.0.0",
      "resolved": "https://registry.npmjs.org/mimic-response/-/mimic-response-4.0.0.tgz",
      "integrity": "sha1-NUaLGefHXRD1Fl6iXnWlzup89w8="
    },
    "nodemailer": {
      "version": "6.9.2",
      "resolved": "https://registry.npmjs.org/nodemailer/-/nodemailer-6.9.2.tgz",
      "integrity": "sha512-4+TYaa/e1nIxQfyw/WzNPYTEZ5OvHIDEnmjs4LPmIfccPQN+2CYKmGHjWixn/chzD3bmUTu5FMfpltizMxqzdg=="
    },
    "normalize-url": {
      "version": "8.0.0",
      "resolved": "https://registry.npmjs.org/normalize-url/-/normalize-url-8.0.0.tgz",
      "integrity": "sha1-WT29KE90Po3Pal3fj63/FJyCcBo="
    },
    "p-cancelable": {
      "version": "3.0.0",
      "resolved": "https://registry.npmjs.org/p-cancelable/-/p-cancelable-3.0.0.tgz",
      "integrity": "sha1-Y4JmlLVNYcocIOvLbT7PXhTNgFA="
    },
    "proxy-from-env": {
      "version": "1.1.0",
      "resolved": "https://registry.npmjs.org/proxy-from-env/-/proxy-from-env-1.1.0.tgz",
      "integrity": "sha512-D+zkORCbA9f1tdWRK0RaCR3GPv50cMxcrz4X8k5LTSUD1Dkw47mKJEZQNunItRTkWwgtaUSo1RVFRIG9ZXiFYg=="
    },
    "quick-lru": {
      "version": "5.1.1",
      "resolved": "https://registry.npmjs.org/quick-lru/-/quick-lru-5.1.1.tgz",
      "integrity": "sha1-NmST5rPkKjpoheLpnRj4D7eoyTI="
    },
    "resolve-alpn": {
      "version": "1.2.1",
      "resolved": "https://registry.npmjs.org/resolve-alpn/-/resolve-alpn-1.2.1.tgz",
      "integrity": "sha1-t629rDVGqq7CC0Xn2CZZJwcnJvk="
    },
    "responselike": {
      "version": "3.0.0",
      "resolved": "https://registry.npmjs.org/responselike/-/responselike-3.0.0.tgz",
      "integrity": "sha1-IN7LbCmK/w2+4cNVypVGHUKCNiY=",
      "requires": {
        "lowercase-keys": "^3.0.0"
      }
    }
  }
}
